
Microsoft Visual Studio Solution File, Format Version 12.00
# Visual Studio 15
VisualStudioVersion = 15.0.28307.539
MinimumVisualStudioVersion = 10.0.40219.1
Project("{FAE04EC0-301F-11D3-BF4B-00C04F79EFBC}") = "AccountingMVC", "AccountingMVC\AccountingMVC.csproj", "{C568683D-D450-4918-9663-6579BC5B9E39}"
EndProject
Project("{FAE04EC0-301F-11D3-BF4B-00C04F79EFBC}") = "AccountingMVC.Tests", "AccountingMVC.Tests\AccountingMVC.Tests.csproj", "{6F3D2731-4DF4-47BC-8F13-017A4361472D}"
EndProject
Global
	GlobalSection(SolutionConfigurationPlatforms) = preSolution
		Debug|Any CPU = Debug|Any CPU
		Release|Any CPU = Release|Any CPU
	EndGlobalSection
	GlobalSection(ProjectConfigurationPlatforms) = postSolution
		{C568683D-D450-4918-9663-6579BC5B9E39}.Debug|Any CPU.ActiveCfg = Debug|Any CPU
		{C568683D-D450-4918-9663-6579BC5B9E39}.Debug|Any CPU.Build.0 = Debug|Any CPU
		{C568683D-D450-4918-9663-6579BC5B9E39}.Release|Any CPU.ActiveCfg = Release|Any CPU
		{C568683D-D450-4918-9663-6579BC5B9E39}.Release|Any CPU.Build.0 = Release|Any CPU
		{6F3D2731-4DF4-47BC-8F13-017A4361472D}.Debug|Any CPU.ActiveCfg = Debug|Any CPU
		{6F3D2731-4DF4-47BC-8F13-017A4361472D}.Debug|Any CPU.Build.0 = Debug|Any CPU
		{6F3D2731-4DF4-47BC-8F13-017A4361472D}.Release|Any CPU.ActiveCfg = Release|Any CPU
		{6F3D2731-4DF4-47BC-8F13-017A4361472D}.Release|Any CPU.Build.0 = Release|Any CPU
	EndGlobalSection
	GlobalSection(SolutionProperties) = preSolution
		HideSolutionNode = FALSE
	EndGlobalSection
	GlobalSection(ExtensibilityGlobals) = postSolution
		SolutionGuid = {E2ED36C9-E235-40E2-B6A2-37AF1D91D69C}
	EndGlobalSection
EndGlobal
